
Microsoft Visual Studio Solution File, Format Version 12.00
# Visual Studio Version 17
VisualStudioVersion = 17.4.33122.133
MinimumVisualStudioVersion = 10.0.40219.1
Project("{9A19103F-16F7-4668-BE54-9A1E7A4F7556}") = "app", "app.csproj", "{5811CD55-56F8-4603-A54D-859DDE177E6D}"
EndProject
Project("{8BC9CEB8-8B4A-11D0-8D11-00A0C91BC942}") = "DotNetCoreProfiler", "..\..\..\..\src\profiler\build\DotNetCoreProfiler.vcxproj", "{D0DCC981-1F7D-3267-A443-6005602EF648}"
EndProject
Project("{8BC9CEB8-8B4A-11D0-8D11-00A0C91BC942}") = "DotNetCoreProfiler.static", "..\..\..\..\src\profiler\build\DotNetCoreProfiler.static.vcxproj", "{4BF66CA8-8095-38AA-9E38-11D57E6BAE53}"
EndProject
Project("{9A19103F-16F7-4668-BE54-9A1E7A4F7556}") = "Interception.Core", "..\..\..\..\src\Interception.Core\Interception.Core.csproj", "{9C0625A7-1E3F-419D-9EA6-6B81C25BDBE9}"
EndProject
Project("{9A19103F-16F7-4668-BE54-9A1E7A4F7556}") = "Interception.Attributes", "..\..\..\..\src\Interception.Attributes\Interception.Attributes.csproj", "{A69DB769-90CB-48B1-AA07-9F3CA30CA4F4}"
EndProject
Project("{9A19103F-16F7-4668-BE54-9A1E7A4F7556}") = "interceptor", "..\interceptor\interceptor.csproj", "{9F8D4DD0-0D72-4D6B-99C9-81534851B796}"
EndProject
Project("{9A19103F-16F7-4668-BE54-9A1E7A4F7556}") = "Interception.Generator", "..\..\..\..\src\Interception.Generator\Interception.Generator.csproj", "{661980C1-2C67-4658-80C1-843BDDD5FFD5}"
EndProject
Project("{9A19103F-16F7-4668-BE54-9A1E7A4F7556}") = "Interception.AspNetCore.Tracing", "..\..\..\..\src\Interception.AspNetCore.Tracing\Interception.AspNetCore.Tracing.csproj", "{72710D6E-8EC1-4356-9A07-C997B4E28006}"
EndProject
Project("{9A19103F-16F7-4668-BE54-9A1E7A4F7556}") = "Interception.Tracing", "..\..\..\..\src\Interception.Tracing\Interception.Tracing.csproj", "{C8E3437A-3538-4EF6-90E3-58E6333BEEB1}"
EndProject
Project("{9A19103F-16F7-4668-BE54-9A1E7A4F7556}") = "Interception.AspNetCore.WebHost", "..\..\..\..\src\Interception.AspNetCore.WebHost\Interception.AspNetCore.WebHost.csproj", "{DB45A60B-E7E9-4300-BF1E-9111F0380F53}"
EndProject
Project("{9A19103F-16F7-4668-BE54-9A1E7A4F7556}") = "Interception.Tracing.Serilog", "..\..\..\..\src\Interception.Tracing.Serilog\Interception.Tracing.Serilog.csproj", "{E352C218-D93F-4554-82ED-6C9D79E0B63D}"
EndProject
Project("{9A19103F-16F7-4668-BE54-9A1E7A4F7556}") = "Interception.MassTransit", "..\..\..\..\src\Interception.MassTransit\Interception.MassTransit.csproj", "{7B3A650D-BD34-4CD6-8D6B-E625995837FF}"
EndProject
Project("{9A19103F-16F7-4668-BE54-9A1E7A4F7556}") = "Interception.Observers", "..\..\..\..\src\Interception.Observers\Interception.Observers.csproj", "{4EC93029-6B5F-493B-B4BD-57FD4D251D34}"
EndProject
Project("{9A19103F-16F7-4668-BE54-9A1E7A4F7556}") = "Interception.Observers.EFCore6", "..\..\..\..\src\Interception.Observers.EFCore6\Interception.Observers.EFCore6.csproj", "{76980A2F-D2A5-4489-838F-46DA5644AF31}"
EndProject
Project("{9A19103F-16F7-4668-BE54-9A1E7A4F7556}") = "Interception.Observers.Http", "..\..\..\..\src\Interception.Observers.Http\Interception.Observers.Http.csproj", "{B2BDAA1A-8178-4113-BEE5-C2B2F05EFCD4}"
EndProject
Project("{9A19103F-16F7-4668-BE54-9A1E7A4F7556}") = "Interception.Observers.Samplers", "..\..\..\..\src\Interception.Observers.Samplers\Interception.Observers.Samplers.csproj", "{31303FBC-0355-4C8E-87CE-D0CD3FED8634}"
EndProject
Project("{9A19103F-16F7-4668-BE54-9A1E7A4F7556}") = "Interception.DependencyInjection", "..\..\..\..\src\Interception.DependencyInjection\Interception.DependencyInjection.csproj", "{CC6C20AD-7630-4DE8-895F-592263C792FC}"
EndProject
Project("{9A19103F-16F7-4668-BE54-9A1E7A4F7556}") = "Interception.OpenTracing", "..\..\..\..\src\Interception.OpenTracing\Interception.OpenTracing.csproj", "{F712F112-F227-47EF-AFC6-C063A95C808B}"
EndProject
Project("{9A19103F-16F7-4668-BE54-9A1E7A4F7556}") = "Interception.OpenTracing.Statsd", "..\..\..\..\src\Interception.OpenTracing.Statsd\Interception.OpenTracing.Statsd.csproj", "{91C8FB00-0B67-49C6-989B-EF7D33AAD9DF}"
EndProject
Global
	GlobalSection(SolutionConfigurationPlatforms) = preSolution
		Debug|Any CPU = Debug|Any CPU
		Debug|x64 = Debug|x64
		MinSizeRel|Any CPU = MinSizeRel|Any CPU
		MinSizeRel|x64 = MinSizeRel|x64
		Release|Any CPU = Release|Any CPU
		Release|x64 = Release|x64
		RelWithDebInfo|Any CPU = RelWithDebInfo|Any CPU
		RelWithDebInfo|x64 = RelWithDebInfo|x64
	EndGlobalSection
	GlobalSection(ProjectConfigurationPlatforms) = postSolution
		{5811CD55-56F8-4603-A54D-859DDE177E6D}.Debug|Any CPU.ActiveCfg = Debug|Any CPU
		{5811CD55-56F8-4603-A54D-859DDE177E6D}.Debug|Any CPU.Build.0 = Debug|Any CPU
		{5811CD55-56F8-4603-A54D-859DDE177E6D}.Debug|x64.ActiveCfg = Debug|Any CPU
		{5811CD55-56F8-4603-A54D-859DDE177E6D}.Debug|x64.Build.0 = Debug|Any CPU
		{5811CD55-56F8-4603-A54D-859DDE177E6D}.MinSizeRel|Any CPU.ActiveCfg = Debug|Any CPU
		{5811CD55-56F8-4603-A54D-859DDE177E6D}.MinSizeRel|Any CPU.Build.0 = Debug|Any CPU
		{5811CD55-56F8-4603-A54D-859DDE177E6D}.MinSizeRel|x64.ActiveCfg = Debug|Any CPU
		{5811CD55-56F8-4603-A54D-859DDE177E6D}.MinSizeRel|x64.Build.0 = Debug|Any CPU
		{5811CD55-56F8-4603-A54D-859DDE177E6D}.Release|Any CPU.ActiveCfg = Release|Any CPU
		{5811CD55-56F8-4603-A54D-859DDE177E6D}.Release|Any CPU.Build.0 = Release|Any CPU
		{5811CD55-56F8-4603-A54D-859DDE177E6D}.Release|x64.ActiveCfg = Release|Any CPU
		{5811CD55-56F8-4603-A54D-859DDE177E6D}.Release|x64.Build.0 = Release|Any CPU
		{5811CD55-56F8-4603-A54D-859DDE177E6D}.RelWithDebInfo|Any CPU.ActiveCfg = Release|Any CPU
		{5811CD55-56F8-4603-A54D-859DDE177E6D}.RelWithDebInfo|Any CPU.Build.0 = Release|Any CPU
		{5811CD55-56F8-4603-A54D-859DDE177E6D}.RelWithDebInfo|x64.ActiveCfg = Release|Any CPU
		{5811CD55-56F8-4603-A54D-859DDE177E6D}.RelWithDebInfo|x64.Build.0 = Release|Any CPU
		{D0DCC981-1F7D-3267-A443-6005602EF648}.Debug|Any CPU.ActiveCfg = Debug|x64
		{D0DCC981-1F7D-3267-A443-6005602EF648}.Debug|Any CPU.Build.0 = Debug|x64
		{D0DCC981-1F7D-3267-A443-6005602EF648}.Debug|x64.ActiveCfg = Debug|x64
		{D0DCC981-1F7D-3267-A443-6005602EF648}.Debug|x64.Build.0 = Debug|x64
		{D0DCC981-1F7D-3267-A443-6005602EF648}.MinSizeRel|Any CPU.ActiveCfg = MinSizeRel|x64
		{D0DCC981-1F7D-3267-A443-6005602EF648}.MinSizeRel|Any CPU.Build.0 = MinSizeRel|x64
		{D0DCC981-1F7D-3267-A443-6005602EF648}.MinSizeRel|x64.ActiveCfg = MinSizeRel|x64
		{D0DCC981-1F7D-3267-A443-6005602EF648}.MinSizeRel|x64.Build.0 = MinSizeRel|x64
		{D0DCC981-1F7D-3267-A443-6005602EF648}.Release|Any CPU.ActiveCfg = Release|x64
		{D0DCC981-1F7D-3267-A443-6005602EF648}.Release|Any CPU.Build.0 = Release|x64
		{D0DCC981-1F7D-3267-A443-6005602EF648}.Release|x64.ActiveCfg = Release|x64
		{D0DCC981-1F7D-3267-A443-6005602EF648}.Release|x64.Build.0 = Release|x64
		{D0DCC981-1F7D-3267-A443-6005602EF648}.RelWithDebInfo|Any CPU.ActiveCfg = RelWithDebInfo|x64
		{D0DCC981-1F7D-3267-A443-6005602EF648}.RelWithDebInfo|Any CPU.Build.0 = RelWithDebInfo|x64
		{D0DCC981-1F7D-3267-A443-6005602EF648}.RelWithDebInfo|x64.ActiveCfg = RelWithDebInfo|x64
		{D0DCC981-1F7D-3267-A443-6005602EF648}.RelWithDebInfo|x64.Build.0 = RelWithDebInfo|x64
		{4BF66CA8-8095-38AA-9E38-11D57E6BAE53}.Debug|Any CPU.ActiveCfg = Debug|x64
		{4BF66CA8-8095-38AA-9E38-11D57E6BAE53}.Debug|Any CPU.Build.0 = Debug|x64
		{4BF66CA8-8095-38AA-9E38-11D57E6BAE53}.Debug|x64.ActiveCfg = Debug|x64
		{4BF66CA8-8095-38AA-9E38-11D57E6BAE53}.Debug|x64.Build.0 = Debug|x64
		{4BF66CA8-8095-38AA-9E38-11D57E6BAE53}.MinSizeRel|Any CPU.ActiveCfg = MinSizeRel|x64
		{4BF66CA8-8095-38AA-9E38-11D57E6BAE53}.MinSizeRel|Any CPU.Build.0 = MinSizeRel|x64
		{4BF66CA8-8095-38AA-9E38-11D57E6BAE53}.MinSizeRel|x64.ActiveCfg = MinSizeRel|x64
		{4BF66CA8-8095-38AA-9E38-11D57E6BAE53}.MinSizeRel|x64.Build.0 = MinSizeRel|x64
		{4BF66CA8-8095-38AA-9E38-11D57E6BAE53}.Release|Any CPU.ActiveCfg = Release|x64
		{4BF66CA8-8095-38AA-9E38-11D57E6BAE53}.Release|Any CPU.Build.0 = Release|x64
		{4BF66CA8-8095-38AA-9E38-11D57E6BAE53}.Release|x64.ActiveCfg = Release|x64
		{4BF66CA8-8095-38AA-9E38-11D57E6BAE53}.Release|x64.Build.0 = Release|x64
		{4BF66CA8-8095-38AA-9E38-11D57E6BAE53}.RelWithDebInfo|Any CPU.ActiveCfg = RelWithDebInfo|x64
		{4BF66CA8-8095-38AA-9E38-11D57E6BAE53}.RelWithDebInfo|Any CPU.Build.0 = RelWithDebInfo|x64
		{4BF66CA8-8095-38AA-9E38-11D57E6BAE53}.RelWithDebInfo|x64.ActiveCfg = RelWithDebInfo|x64
		{4BF66CA8-8095-38AA-9E38-11D57E6BAE53}.RelWithDebInfo|x64.Build.0 = RelWithDebInfo|x64
		{9C0625A7-1E3F-419D-9EA6-6B81C25BDBE9}.Debug|Any CPU.ActiveCfg = Debug|Any CPU
		{9C0625A7-1E3F-419D-9EA6-6B81C25BDBE9}.Debug|Any CPU.Build.0 = Debug|Any CPU
		{9C0625A7-1E3F-419D-9EA6-6B81C25BDBE9}.Debug|x64.ActiveCfg = Debug|Any CPU
		{9C0625A7-1E3F-419D-9EA6-6B81C25BDBE9}.Debug|x64.Build.0 = Debug|Any CPU
		{9C0625A7-1E3F-419D-9EA6-6B81C25BDBE9}.MinSizeRel|Any CPU.ActiveCfg = Debug|Any CPU
		{9C0625A7-1E3F-419D-9EA6-6B81C25BDBE9}.MinSizeRel|Any CPU.Build.0 = Debug|Any CPU
		{9C0625A7-1E3F-419D-9EA6-6B81C25BDBE9}.MinSizeRel|x64.ActiveCfg = Debug|Any CPU
		{9C0625A7-1E3F-419D-9EA6-6B81C25BDBE9}.MinSizeRel|x64.Build.0 = Debug|Any CPU
		{9C0625A7-1E3F-419D-9EA6-6B81C25BDBE9}.Release|Any CPU.ActiveCfg = Release|Any CPU
		{9C0625A7-1E3F-419D-9EA6-6B81C25BDBE9}.Release|Any CPU.Build.0 = Release|Any CPU
		{9C0625A7-1E3F-419D-9EA6-6B81C25BDBE9}.Release|x64.ActiveCfg = Release|Any CPU
		{9C0625A7-1E3F-419D-9EA6-6B81C25BDBE9}.Release|x64.Build.0 = Release|Any CPU
		{9C0625A7-1E3F-419D-9EA6-6B81C25BDBE9}.RelWithDebInfo|Any CPU.ActiveCfg = Release|Any CPU
		{9C0625A7-1E3F-419D-9EA6-6B81C25BDBE9}.RelWithDebInfo|Any CPU.Build.0 = Release|Any CPU
		{9C0625A7-1E3F-419D-9EA6-6B81C25BDBE9}.RelWithDebInfo|x64.ActiveCfg = Release|Any CPU
		{9C0625A7-1E3F-419D-9EA6-6B81C25BDBE9}.RelWithDebInfo|x64.Build.0 = Release|Any CPU
		{A69DB769-90CB-48B1-AA07-9F3CA30CA4F4}.Debug|Any CPU.ActiveCfg = Debug|Any CPU
		{A69DB769-90CB-48B1-AA07-9F3CA30CA4F4}.Debug|Any CPU.Build.0 = Debug|Any CPU
		{A69DB769-90CB-48B1-AA07-9F3CA30CA4F4}.Debug|x64.ActiveCfg = Debug|Any CPU
		{A69DB769-90CB-48B1-AA07-9F3CA30CA4F4}.Debug|x64.Build.0 = Debug|Any CPU
		{A69DB769-90CB-48B1-AA07-9F3CA30CA4F4}.MinSizeRel|Any CPU.ActiveCfg = Debug|Any CPU
		{A69DB769-90CB-48B1-AA07-9F3CA30CA4F4}.MinSizeRel|Any CPU.Build.0 = Debug|Any CPU
		{A69DB769-90CB-48B1-AA07-9F3CA30CA4F4}.MinSizeRel|x64.ActiveCfg = Debug|Any CPU
		{A69DB769-90CB-48B1-AA07-9F3CA30CA4F4}.MinSizeRel|x64.Build.0 = Debug|Any CPU
		{A69DB769-90CB-48B1-AA07-9F3CA30CA4F4}.Release|Any CPU.ActiveCfg = Release|Any CPU
		{A69DB769-90CB-48B1-AA07-9F3CA30CA4F4}.Release|Any CPU.Build.0 = Release|Any CPU
		{A69DB769-90CB-48B1-AA07-9F3CA30CA4F4}.Release|x64.ActiveCfg = Release|Any CPU
		{A69DB769-90CB-48B1-AA07-9F3CA30CA4F4}.Release|x64.Build.0 = Release|Any CPU
		{A69DB769-90CB-48B1-AA07-9F3CA30CA4F4}.RelWithDebInfo|Any CPU.ActiveCfg = Release|Any CPU
		{A69DB769-90CB-48B1-AA07-9F3CA30CA4F4}.RelWithDebInfo|Any CPU.Build.0 = Release|Any CPU
		{A69DB769-90CB-48B1-AA07-9F3CA30CA4F4}.RelWithDebInfo|x64.ActiveCfg = Release|Any CPU
		{A69DB769-90CB-48B1-AA07-9F3CA30CA4F4}.RelWithDebInfo|x64.Build.0 = Release|Any CPU
		{9F8D4DD0-0D72-4D6B-99C9-81534851B796}.Debug|Any CPU.ActiveCfg = Debug|Any CPU
		{9F8D4DD0-0D72-4D6B-99C9-81534851B796}.Debug|Any CPU.Build.0 = Debug|Any CPU
		{9F8D4DD0-0D72-4D6B-99C9-81534851B796}.Debug|x64.ActiveCfg = Debug|Any CPU
		{9F8D4DD0-0D72-4D6B-99C9-81534851B796}.Debug|x64.Build.0 = Debug|Any CPU
		{9F8D4DD0-0D72-4D6B-99C9-81534851B796}.MinSizeRel|Any CPU.ActiveCfg = Debug|Any CPU
		{9F8D4DD0-0D72-4D6B-99C9-81534851B796}.MinSizeRel|Any CPU.Build.0 = Debug|Any CPU
		{9F8D4DD0-0D72-4D6B-99C9-81534851B796}.MinSizeRel|x64.ActiveCfg = Debug|Any CPU
		{9F8D4DD0-0D72-4D6B-99C9-81534851B796}.MinSizeRel|x64.Build.0 = Debug|Any CPU
		{9F8D4DD0-0D72-4D6B-99C9-81534851B796}.Release|Any CPU.ActiveCfg = Release|Any CPU
		{9F8D4DD0-0D72-4D6B-99C9-81534851B796}.Release|Any CPU.Build.0 = Release|Any CPU
		{9F8D4DD0-0D72-4D6B-99C9-81534851B796}.Release|x64.ActiveCfg = Release|Any CPU
		{9F8D4DD0-0D72-4D6B-99C9-81534851B796}.Release|x64.Build.0 = Release|Any CPU
		{9F8D4DD0-0D72-4D6B-99C9-81534851B796}.RelWithDebInfo|Any CPU.ActiveCfg = Release|Any CPU
		{9F8D4DD0-0D72-4D6B-99C9-81534851B796}.RelWithDebInfo|Any CPU.Build.0 = Release|Any CPU
		{9F8D4DD0-0D72-4D6B-99C9-81534851B796}.RelWithDebInfo|x64.ActiveCfg = Release|Any CPU
		{9F8D4DD0-0D72-4D6B-99C9-81534851B796}.RelWithDebInfo|x64.Build.0 = Release|Any CPU
		{661980C1-2C67-4658-80C1-843BDDD5FFD5}.Debug|Any CPU.ActiveCfg = Debug|Any CPU
		{661980C1-2C67-4658-80C1-843BDDD5FFD5}.Debug|Any CPU.Build.0 = Debug|Any CPU
		{661980C1-2C67-4658-80C1-843BDDD5FFD5}.Debug|x64.ActiveCfg = Debug|Any CPU
		{661980C1-2C67-4658-80C1-843BDDD5FFD5}.Debug|x64.Build.0 = Debug|Any CPU
		{661980C1-2C67-4658-80C1-843BDDD5FFD5}.MinSizeRel|Any CPU.ActiveCfg = Debug|Any CPU
		{661980C1-2C67-4658-80C1-843BDDD5FFD5}.MinSizeRel|Any CPU.Build.0 = Debug|Any CPU
		{661980C1-2C67-4658-80C1-843BDDD5FFD5}.MinSizeRel|x64.ActiveCfg = Debug|Any CPU
		{661980C1-2C67-4658-80C1-843BDDD5FFD5}.MinSizeRel|x64.Build.0 = Debug|Any CPU
		{661980C1-2C67-4658-80C1-843BDDD5FFD5}.Release|Any CPU.ActiveCfg = Release|Any CPU
		{661980C1-2C67-4658-80C1-843BDDD5FFD5}.Release|Any CPU.Build.0 = Release|Any CPU
		{661980C1-2C67-4658-80C1-843BDDD5FFD5}.Release|x64.ActiveCfg = Release|Any CPU
		{661980C1-2C67-4658-80C1-843BDDD5FFD5}.Release|x64.Build.0 = Release|Any CPU
		{661980C1-2C67-4658-80C1-843BDDD5FFD5}.RelWithDebInfo|Any CPU.ActiveCfg = Release|Any CPU
		{661980C1-2C67-4658-80C1-843BDDD5FFD5}.RelWithDebInfo|Any CPU.Build.0 = Release|Any CPU
		{661980C1-2C67-4658-80C1-843BDDD5FFD5}.RelWithDebInfo|x64.ActiveCfg = Release|Any CPU
		{661980C1-2C67-4658-80C1-843BDDD5FFD5}.RelWithDebInfo|x64.Build.0 = Release|Any CPU
		{72710D6E-8EC1-4356-9A07-C997B4E28006}.Debug|Any CPU.ActiveCfg = Debug|Any CPU
		{72710D6E-8EC1-4356-9A07-C997B4E28006}.Debug|Any CPU.Build.0 = Debug|Any CPU
		{72710D6E-8EC1-4356-9A07-C997B4E28006}.Debug|x64.ActiveCfg = Debug|Any CPU
		{72710D6E-8EC1-4356-9A07-C997B4E28006}.Debug|x64.Build.0 = Debug|Any CPU
		{72710D6E-8EC1-4356-9A07-C997B4E28006}.MinSizeRel|Any CPU.ActiveCfg = Debug|Any CPU
		{72710D6E-8EC1-4356-9A07-C997B4E28006}.MinSizeRel|Any CPU.Build.0 = Debug|Any CPU
		{72710D6E-8EC1-4356-9A07-C997B4E28006}.MinSizeRel|x64.ActiveCfg = Debug|Any CPU
		{72710D6E-8EC1-4356-9A07-C997B4E28006}.MinSizeRel|x64.Build.0 = Debug|Any CPU
		{72710D6E-8EC1-4356-9A07-C997B4E28006}.Release|Any CPU.ActiveCfg = Release|Any CPU
		{72710D6E-8EC1-4356-9A07-C997B4E28006}.Release|Any CPU.Build.0 = Release|Any CPU
		{72710D6E-8EC1-4356-9A07-C997B4E28006}.Release|x64.ActiveCfg = Release|Any CPU
		{72710D6E-8EC1-4356-9A07-C997B4E28006}.Release|x64.Build.0 = Release|Any CPU
		{72710D6E-8EC1-4356-9A07-C997B4E28006}.RelWithDebInfo|Any CPU.ActiveCfg = Release|Any CPU
		{72710D6E-8EC1-4356-9A07-C997B4E28006}.RelWithDebInfo|Any CPU.Build.0 = Release|Any CPU
		{72710D6E-8EC1-4356-9A07-C997B4E28006}.RelWithDebInfo|x64.ActiveCfg = Release|Any CPU
		{72710D6E-8EC1-4356-9A07-C997B4E28006}.RelWithDebInfo|x64.Build.0 = Release|Any CPU
		{C8E3437A-3538-4EF6-90E3-58E6333BEEB1}.Debug|Any CPU.ActiveCfg = Debug|Any CPU
		{C8E3437A-3538-4EF6-90E3-58E6333BEEB1}.Debug|Any CPU.Build.0 = Debug|Any CPU
		{C8E3437A-3538-4EF6-90E3-58E6333BEEB1}.Debug|x64.ActiveCfg = Debug|Any CPU
		{C8E3437A-3538-4EF6-90E3-58E6333BEEB1}.Debug|x64.Build.0 = Debug|Any CPU
		{C8E3437A-3538-4EF6-90E3-58E6333BEEB1}.MinSizeRel|Any CPU.ActiveCfg = Debug|Any CPU
		{C8E3437A-3538-4EF6-90E3-58E6333BEEB1}.MinSizeRel|Any CPU.Build.0 = Debug|Any CPU
		{C8E3437A-3538-4EF6-90E3-58E6333BEEB1}.MinSizeRel|x64.ActiveCfg = Debug|Any CPU
		{C8E3437A-3538-4EF6-90E3-58E6333BEEB1}.MinSizeRel|x64.Build.0 = Debug|Any CPU
		{C8E3437A-3538-4EF6-90E3-58E6333BEEB1}.Release|Any CPU.ActiveCfg = Release|Any CPU
		{C8E3437A-3538-4EF6-90E3-58E6333BEEB1}.Release|Any CPU.Build.0 = Release|Any CPU
		{C8E3437A-3538-4EF6-90E3-58E6333BEEB1}.Release|x64.ActiveCfg = Release|Any CPU
		{C8E3437A-3538-4EF6-90E3-58E6333BEEB1}.Release|x64.Build.0 = Release|Any CPU
		{C8E3437A-3538-4EF6-90E3-58E6333BEEB1}.RelWithDebInfo|Any CPU.ActiveCfg = Release|Any CPU
		{C8E3437A-3538-4EF6-90E3-58E6333BEEB1}.RelWithDebInfo|Any CPU.Build.0 = Release|Any CPU
		{C8E3437A-3538-4EF6-90E3-58E6333BEEB1}.RelWithDebInfo|x64.ActiveCfg = Release|Any CPU
		{C8E3437A-3538-4EF6-90E3-58E6333BEEB1}.RelWithDebInfo|x64.Build.0 = Release|Any CPU
		{DB45A60B-E7E9-4300-BF1E-9111F0380F53}.Debug|Any CPU.ActiveCfg = Debug|Any CPU
		{DB45A60B-E7E9-4300-BF1E-9111F0380F53}.Debug|Any CPU.Build.0 = Debug|Any CPU
		{DB45A60B-E7E9-4300-BF1E-9111F0380F53}.Debug|x64.ActiveCfg = Debug|Any CPU
		{DB45A60B-E7E9-4300-BF1E-9111F0380F53}.Debug|x64.Build.0 = Debug|Any CPU
		{DB45A60B-E7E9-4300-BF1E-9111F0380F53}.MinSizeRel|Any CPU.ActiveCfg = Debug|Any CPU
		{DB45A60B-E7E9-4300-BF1E-9111F0380F53}.MinSizeRel|Any CPU.Build.0 = Debug|Any CPU
		{DB45A60B-E7E9-4300-BF1E-9111F0380F53}.MinSizeRel|x64.ActiveCfg = Debug|Any CPU
		{DB45A60B-E7E9-4300-BF1E-9111F0380F53}.MinSizeRel|x64.Build.0 = Debug|Any CPU
		{DB45A60B-E7E9-4300-BF1E-9111F0380F53}.Release|Any CPU.ActiveCfg = Release|Any CPU
		{DB45A60B-E7E9-4300-BF1E-9111F0380F53}.Release|Any CPU.Build.0 = Release|Any CPU
		{DB45A60B-E7E9-4300-BF1E-9111F0380F53}.Release|x64.ActiveCfg = Release|Any CPU
		{DB45A60B-E7E9-4300-BF1E-9111F0380F53}.Release|x64.Build.0 = Release|Any CPU
		{DB45A60B-E7E9-4300-BF1E-9111F0380F53}.RelWithDebInfo|Any CPU.ActiveCfg = Release|Any CPU
		{DB45A60B-E7E9-4300-BF1E-9111F0380F53}.RelWithDebInfo|Any CPU.Build.0 = Release|Any CPU
		{DB45A60B-E7E9-4300-BF1E-9111F0380F53}.RelWithDebInfo|x64.ActiveCfg = Release|Any CPU
		{DB45A60B-E7E9-4300-BF1E-9111F0380F53}.RelWithDebInfo|x64.Build.0 = Release|Any CPU
		{E352C218-D93F-4554-82ED-6C9D79E0B63D}.Debug|Any CPU.ActiveCfg = Debug|Any CPU
		{E352C218-D93F-4554-82ED-6C9D79E0B63D}.Debug|Any CPU.Build.0 = Debug|Any CPU
		{E352C218-D93F-4554-82ED-6C9D79E0B63D}.Debug|x64.ActiveCfg = Debug|Any CPU
		{E352C218-D93F-4554-82ED-6C9D79E0B63D}.Debug|x64.Build.0 = Debug|Any CPU
		{E352C218-D93F-4554-82ED-6C9D79E0B63D}.MinSizeRel|Any CPU.ActiveCfg = Debug|Any CPU
		{E352C218-D93F-4554-82ED-6C9D79E0B63D}.MinSizeRel|Any CPU.Build.0 = Debug|Any CPU
		{E352C218-D93F-4554-82ED-6C9D79E0B63D}.MinSizeRel|x64.ActiveCfg = Debug|Any CPU
		{E352C218-D93F-4554-82ED-6C9D79E0B63D}.MinSizeRel|x64.Build.0 = Debug|Any CPU
		{E352C218-D93F-4554-82ED-6C9D79E0B63D}.Release|Any CPU.ActiveCfg = Release|Any CPU
		{E352C218-D93F-4554-82ED-6C9D79E0B63D}.Release|Any CPU.Build.0 = Release|Any CPU
		{E352C218-D93F-4554-82ED-6C9D79E0B63D}.Release|x64.ActiveCfg = Release|Any CPU
		{E352C218-D93F-4554-82ED-6C9D79E0B63D}.Release|x64.Build.0 = Release|Any CPU
		{E352C218-D93F-4554-82ED-6C9D79E0B63D}.RelWithDebInfo|Any CPU.ActiveCfg = Release|Any CPU
		{E352C218-D93F-4554-82ED-6C9D79E0B63D}.RelWithDebInfo|Any CPU.Build.0 = Release|Any CPU
		{E352C218-D93F-4554-82ED-6C9D79E0B63D}.RelWithDebInfo|x64.ActiveCfg = Release|Any CPU
		{E352C218-D93F-4554-82ED-6C9D79E0B63D}.RelWithDebInfo|x64.Build.0 = Release|Any CPU
		{7B3A650D-BD34-4CD6-8D6B-E625995837FF}.Debug|Any CPU.ActiveCfg = Debug|Any CPU
		{7B3A650D-BD34-4CD6-8D6B-E625995837FF}.Debug|Any CPU.Build.0 = Debug|Any CPU
		{7B3A650D-BD34-4CD6-8D6B-E625995837FF}.Debug|x64.ActiveCfg = Debug|Any CPU
		{7B3A650D-BD34-4CD6-8D6B-E625995837FF}.Debug|x64.Build.0 = Debug|Any CPU
		{7B3A650D-BD34-4CD6-8D6B-E625995837FF}.MinSizeRel|Any CPU.ActiveCfg = Debug|Any CPU
		{7B3A650D-BD34-4CD6-8D6B-E625995837FF}.MinSizeRel|Any CPU.Build.0 = Debug|Any CPU
		{7B3A650D-BD34-4CD6-8D6B-E625995837FF}.MinSizeRel|x64.ActiveCfg = Debug|Any CPU
		{7B3A650D-BD34-4CD6-8D6B-E625995837FF}.MinSizeRel|x64.Build.0 = Debug|Any CPU
		{7B3A650D-BD34-4CD6-8D6B-E625995837FF}.Release|Any CPU.ActiveCfg = Release|Any CPU
		{7B3A650D-BD34-4CD6-8D6B-E625995837FF}.Release|Any CPU.Build.0 = Release|Any CPU
		{7B3A650D-BD34-4CD6-8D6B-E625995837FF}.Release|x64.ActiveCfg = Release|Any CPU
		{7B3A650D-BD34-4CD6-8D6B-E625995837FF}.Release|x64.Build.0 = Release|Any CPU
		{7B3A650D-BD34-4CD6-8D6B-E625995837FF}.RelWithDebInfo|Any CPU.ActiveCfg = Release|Any CPU
		{7B3A650D-BD34-4CD6-8D6B-E625995837FF}.RelWithDebInfo|Any CPU.Build.0 = Release|Any CPU
		{7B3A650D-BD34-4CD6-8D6B-E625995837FF}.RelWithDebInfo|x64.ActiveCfg = Release|Any CPU
		{7B3A650D-BD34-4CD6-8D6B-E625995837FF}.RelWithDebInfo|x64.Build.0 = Release|Any CPU
		{4EC93029-6B5F-493B-B4BD-57FD4D251D34}.Debug|Any CPU.ActiveCfg = Debug|Any CPU
		{4EC93029-6B5F-493B-B4BD-57FD4D251D34}.Debug|Any CPU.Build.0 = Debug|Any CPU
		{4EC93029-6B5F-493B-B4BD-57FD4D251D34}.Debug|x64.ActiveCfg = Debug|Any CPU
		{4EC93029-6B5F-493B-B4BD-57FD4D251D34}.Debug|x64.Build.0 = Debug|Any CPU
		{4EC93029-6B5F-493B-B4BD-57FD4D251D34}.MinSizeRel|Any CPU.ActiveCfg = Debug|Any CPU
		{4EC93029-6B5F-493B-B4BD-57FD4D251D34}.MinSizeRel|Any CPU.Build.0 = Debug|Any CPU
		{4EC93029-6B5F-493B-B4BD-57FD4D251D34}.MinSizeRel|x64.ActiveCfg = Debug|Any CPU
		{4EC93029-6B5F-493B-B4BD-57FD4D251D34}.MinSizeRel|x64.Build.0 = Debug|Any CPU
		{4EC93029-6B5F-493B-B4BD-57FD4D251D34}.Release|Any CPU.ActiveCfg = Release|Any CPU
		{4EC93029-6B5F-493B-B4BD-57FD4D251D34}.Release|Any CPU.Build.0 = Release|Any CPU
		{4EC93029-6B5F-493B-B4BD-57FD4D251D34}.Release|x64.ActiveCfg = Release|Any CPU
		{4EC93029-6B5F-493B-B4BD-57FD4D251D34}.Release|x64.Build.0 = Release|Any CPU
		{4EC93029-6B5F-493B-B4BD-57FD4D251D34}.RelWithDebInfo|Any CPU.ActiveCfg = Release|Any CPU
		{4EC93029-6B5F-493B-B4BD-57FD4D251D34}.RelWithDebInfo|Any CPU.Build.0 = Release|Any CPU
		{4EC93029-6B5F-493B-B4BD-57FD4D251D34}.RelWithDebInfo|x64.ActiveCfg = Release|Any CPU
		{4EC93029-6B5F-493B-B4BD-57FD4D251D34}.RelWithDebInfo|x64.Build.0 = Release|Any CPU
		{76980A2F-D2A5-4489-838F-46DA5644AF31}.Debug|Any CPU.ActiveCfg = Debug|Any CPU
		{76980A2F-D2A5-4489-838F-46DA5644AF31}.Debug|Any CPU.Build.0 = Debug|Any CPU
		{76980A2F-D2A5-4489-838F-46DA5644AF31}.Debug|x64.ActiveCfg = Debug|Any CPU
		{76980A2F-D2A5-4489-838F-46DA5644AF31}.Debug|x64.Build.0 = Debug|Any CPU
		{76980A2F-D2A5-4489-838F-46DA5644AF31}.MinSizeRel|Any CPU.ActiveCfg = Debug|Any CPU
		{76980A2F-D2A5-4489-838F-46DA5644AF31}.MinSizeRel|Any CPU.Build.0 = Debug|Any CPU
		{76980A2F-D2A5-4489-838F-46DA5644AF31}.MinSizeRel|x64.ActiveCfg = Debug|Any CPU
		{76980A2F-D2A5-4489-838F-46DA5644AF31}.MinSizeRel|x64.Build.0 = Debug|Any CPU
		{76980A2F-D2A5-4489-838F-46DA5644AF31}.Release|Any CPU.ActiveCfg = Release|Any CPU
		{76980A2F-D2A5-4489-838F-46DA5644AF31}.Release|Any CPU.Build.0 = Release|Any CPU
		{76980A2F-D2A5-4489-838F-46DA5644AF31}.Release|x64.ActiveCfg = Release|Any CPU
		{76980A2F-D2A5-4489-838F-46DA5644AF31}.Release|x64.Build.0 = Release|Any CPU
		{76980A2F-D2A5-4489-838F-46DA5644AF31}.RelWithDebInfo|Any CPU.ActiveCfg = Release|Any CPU
		{76980A2F-D2A5-4489-838F-46DA5644AF31}.RelWithDebInfo|Any CPU.Build.0 = Release|Any CPU
		{76980A2F-D2A5-4489-838F-46DA5644AF31}.RelWithDebInfo|x64.ActiveCfg = Release|Any CPU
		{76980A2F-D2A5-4489-838F-46DA5644AF31}.RelWithDebInfo|x64.Build.0 = Release|Any CPU
		{B2BDAA1A-8178-4113-BEE5-C2B2F05EFCD4}.Debug|Any CPU.ActiveCfg = Debug|Any CPU
		{B2BDAA1A-8178-4113-BEE5-C2B2F05EFCD4}.Debug|Any CPU.Build.0 = Debug|Any CPU
		{B2BDAA1A-8178-4113-BEE5-C2B2F05EFCD4}.Debug|x64.ActiveCfg = Debug|Any CPU
		{B2BDAA1A-8178-4113-BEE5-C2B2F05EFCD4}.Debug|x64.Build.0 = Debug|Any CPU
		{B2BDAA1A-8178-4113-BEE5-C2B2F05EFCD4}.MinSizeRel|Any CPU.ActiveCfg = Debug|Any CPU
		{B2BDAA1A-8178-4113-BEE5-C2B2F05EFCD4}.MinSizeRel|Any CPU.Build.0 = Debug|Any CPU
		{B2BDAA1A-8178-4113-BEE5-C2B2F05EFCD4}.MinSizeRel|x64.ActiveCfg = Debug|Any CPU
		{B2BDAA1A-8178-4113-BEE5-C2B2F05EFCD4}.MinSizeRel|x64.Build.0 = Debug|Any CPU
		{B2BDAA1A-8178-4113-BEE5-C2B2F05EFCD4}.Release|Any CPU.ActiveCfg = Release|Any CPU
		{B2BDAA1A-8178-4113-BEE5-C2B2F05EFCD4}.Release|Any CPU.Build.0 = Release|Any CPU
		{B2BDAA1A-8178-4113-BEE5-C2B2F05EFCD4}.Release|x64.ActiveCfg = Release|Any CPU
		{B2BDAA1A-8178-4113-BEE5-C2B2F05EFCD4}.Release|x64.Build.0 = Release|Any CPU
		{B2BDAA1A-8178-4113-BEE5-C2B2F05EFCD4}.RelWithDebInfo|Any CPU.ActiveCfg = Release|Any CPU
		{B2BDAA1A-8178-4113-BEE5-C2B2F05EFCD4}.RelWithDebInfo|Any CPU.Build.0 = Release|Any CPU
		{B2BDAA1A-8178-4113-BEE5-C2B2F05EFCD4}.RelWithDebInfo|x64.ActiveCfg = Release|Any CPU
		{B2BDAA1A-8178-4113-BEE5-C2B2F05EFCD4}.RelWithDebInfo|x64.Build.0 = Release|Any CPU
		{31303FBC-0355-4C8E-87CE-D0CD3FED8634}.Debug|Any CPU.ActiveCfg = Debug|Any CPU
		{31303FBC-0355-4C8E-87CE-D0CD3FED8634}.Debug|Any CPU.Build.0 = Debug|Any CPU
		{31303FBC-0355-4C8E-87CE-D0CD3FED8634}.Debug|x64.ActiveCfg = Debug|Any CPU
		{31303FBC-0355-4C8E-87CE-D0CD3FED8634}.Debug|x64.Build.0 = Debug|Any CPU
		{31303FBC-0355-4C8E-87CE-D0CD3FED8634}.MinSizeRel|Any CPU.ActiveCfg = Debug|Any CPU
		{31303FBC-0355-4C8E-87CE-D0CD3FED8634}.MinSizeRel|Any CPU.Build.0 = Debug|Any CPU
		{31303FBC-0355-4C8E-87CE-D0CD3FED8634}.MinSizeRel|x64.ActiveCfg = Debug|Any CPU
		{31303FBC-0355-4C8E-87CE-D0CD3FED8634}.MinSizeRel|x64.Build.0 = Debug|Any CPU
		{31303FBC-0355-4C8E-87CE-D0CD3FED8634}.Release|Any CPU.ActiveCfg = Release|Any CPU
		{31303FBC-0355-4C8E-87CE-D0CD3FED8634}.Release|Any CPU.Build.0 = Release|Any CPU
		{31303FBC-0355-4C8E-87CE-D0CD3FED8634}.Release|x64.ActiveCfg = Release|Any CPU
		{31303FBC-0355-4C8E-87CE-D0CD3FED8634}.Release|x64.Build.0 = Release|Any CPU
		{31303FBC-0355-4C8E-87CE-D0CD3FED8634}.RelWithDebInfo|Any CPU.ActiveCfg = Release|Any CPU
		{31303FBC-0355-4C8E-87CE-D0CD3FED8634}.RelWithDebInfo|Any CPU.Build.0 = Release|Any CPU
		{31303FBC-0355-4C8E-87CE-D0CD3FED8634}.RelWithDebInfo|x64.ActiveCfg = Release|Any CPU
		{31303FBC-0355-4C8E-87CE-D0CD3FED8634}.RelWithDebInfo|x64.Build.0 = Release|Any CPU
		{CC6C20AD-7630-4DE8-895F-592263C792FC}.Debug|Any CPU.ActiveCfg = Debug|Any CPU
		{CC6C20AD-7630-4DE8-895F-592263C792FC}.Debug|Any CPU.Build.0 = Debug|Any CPU
		{CC6C20AD-7630-4DE8-895F-592263C792FC}.Debug|x64.ActiveCfg = Debug|Any CPU
		{CC6C20AD-7630-4DE8-895F-592263C792FC}.Debug|x64.Build.0 = Debug|Any CPU
		{CC6C20AD-7630-4DE8-895F-592263C792FC}.MinSizeRel|Any CPU.ActiveCfg = Debug|Any CPU
		{CC6C20AD-7630-4DE8-895F-592263C792FC}.MinSizeRel|Any CPU.Build.0 = Debug|Any CPU
		{CC6C20AD-7630-4DE8-895F-592263C792FC}.MinSizeRel|x64.ActiveCfg = Debug|Any CPU
		{CC6C20AD-7630-4DE8-895F-592263C792FC}.MinSizeRel|x64.Build.0 = Debug|Any CPU
		{CC6C20AD-7630-4DE8-895F-592263C792FC}.Release|Any CPU.ActiveCfg = Release|Any CPU
		{CC6C20AD-7630-4DE8-895F-592263C792FC}.Release|Any CPU.Build.0 = Release|Any CPU
		{CC6C20AD-7630-4DE8-895F-592263C792FC}.Release|x64.ActiveCfg = Release|Any CPU
		{CC6C20AD-7630-4DE8-895F-592263C792FC}.Release|x64.Build.0 = Release|Any CPU
		{CC6C20AD-7630-4DE8-895F-592263C792FC}.RelWithDebInfo|Any CPU.ActiveCfg = Release|Any CPU
		{CC6C20AD-7630-4DE8-895F-592263C792FC}.RelWithDebInfo|Any CPU.Build.0 = Release|Any CPU
		{CC6C20AD-7630-4DE8-895F-592263C792FC}.RelWithDebInfo|x64.ActiveCfg = Release|Any CPU
		{CC6C20AD-7630-4DE8-895F-592263C792FC}.RelWithDebInfo|x64.Build.0 = Release|Any CPU
		{F712F112-F227-47EF-AFC6-C063A95C808B}.Debug|Any CPU.ActiveCfg = Debug|Any CPU
		{F712F112-F227-47EF-AFC6-C063A95C808B}.Debug|Any CPU.Build.0 = Debug|Any CPU
		{F712F112-F227-47EF-AFC6-C063A95C808B}.Debug|x64.ActiveCfg = Debug|Any CPU
		{F712F112-F227-47EF-AFC6-C063A95C808B}.Debug|x64.Build.0 = Debug|Any CPU
		{F712F112-F227-47EF-AFC6-C063A95C808B}.MinSizeRel|Any CPU.ActiveCfg = Debug|Any CPU
		{F712F112-F227-47EF-AFC6-C063A95C808B}.MinSizeRel|Any CPU.Build.0 = Debug|Any CPU
		{F712F112-F227-47EF-AFC6-C063A95C808B}.MinSizeRel|x64.ActiveCfg = Debug|Any CPU
		{F712F112-F227-47EF-AFC6-C063A95C808B}.MinSizeRel|x64.Build.0 = Debug|Any CPU
		{F712F112-F227-47EF-AFC6-C063A95C808B}.Release|Any CPU.ActiveCfg = Release|Any CPU
		{F712F112-F227-47EF-AFC6-C063A95C808B}.Release|Any CPU.Build.0 = Release|Any CPU
		{F712F112-F227-47EF-AFC6-C063A95C808B}.Release|x64.ActiveCfg = Release|Any CPU
		{F712F112-F227-47EF-AFC6-C063A95C808B}.Release|x64.Build.0 = Release|Any CPU
		{F712F112-F227-47EF-AFC6-C063A95C808B}.RelWithDebInfo|Any CPU.ActiveCfg = Release|Any CPU
		{F712F112-F227-47EF-AFC6-C063A95C808B}.RelWithDebInfo|Any CPU.Build.0 = Release|Any CPU
		{F712F112-F227-47EF-AFC6-C063A95C808B}.RelWithDebInfo|x64.ActiveCfg = Release|Any CPU
		{F712F112-F227-47EF-AFC6-C063A95C808B}.RelWithDebInfo|x64.Build.0 = Release|Any CPU
		{91C8FB00-0B67-49C6-989B-EF7D33AAD9DF}.Debug|Any CPU.ActiveCfg = Debug|Any CPU
		{91C8FB00-0B67-49C6-989B-EF7D33AAD9DF}.Debug|Any CPU.Build.0 = Debug|Any CPU
		{91C8FB00-0B67-49C6-989B-EF7D33AAD9DF}.Debug|x64.ActiveCfg = Debug|Any CPU
		{91C8FB00-0B67-49C6-989B-EF7D33AAD9DF}.Debug|x64.Build.0 = Debug|Any CPU
		{91C8FB00-0B67-49C6-989B-EF7D33AAD9DF}.MinSizeRel|Any CPU.ActiveCfg = Debug|Any CPU
		{91C8FB00-0B67-49C6-989B-EF7D33AAD9DF}.MinSizeRel|Any CPU.Build.0 = Debug|Any CPU
		{91C8FB00-0B67-49C6-989B-EF7D33AAD9DF}.MinSizeRel|x64.ActiveCfg = Debug|Any CPU
		{91C8FB00-0B67-49C6-989B-EF7D33AAD9DF}.MinSizeRel|x64.Build.0 = Debug|Any CPU
		{91C8FB00-0B67-49C6-989B-EF7D33AAD9DF}.Release|Any CPU.ActiveCfg = Release|Any CPU
		{91C8FB00-0B67-49C6-989B-EF7D33AAD9DF}.Release|Any CPU.Build.0 = Release|Any CPU
		{91C8FB00-0B67-49C6-989B-EF7D33AAD9DF}.Release|x64.ActiveCfg = Release|Any CPU
		{91C8FB00-0B67-49C6-989B-EF7D33AAD9DF}.Release|x64.Build.0 = Release|Any CPU
		{91C8FB00-0B67-49C6-989B-EF7D33AAD9DF}.RelWithDebInfo|Any CPU.ActiveCfg = Release|Any CPU
		{91C8FB00-0B67-49C6-989B-EF7D33AAD9DF}.RelWithDebInfo|Any CPU.Build.0 = Release|Any CPU
		{91C8FB00-0B67-49C6-989B-EF7D33AAD9DF}.RelWithDebInfo|x64.ActiveCfg = Release|Any CPU
		{91C8FB00-0B67-49C6-989B-EF7D33AAD9DF}.RelWithDebInfo|x64.Build.0 = Release|Any CPU
	EndGlobalSection
	GlobalSection(SolutionProperties) = preSolution
		HideSolutionNode = FALSE
	EndGlobalSection
	GlobalSection(ExtensibilityGlobals) = postSolution
		SolutionGuid = {181CDA1F-7ACA-4D1D-9063-5B978D0579CA}
	EndGlobalSection
EndGlobal
