
Microsoft Visual Studio Solution File, Format Version 12.00
# Visual Studio Version 16
VisualStudioVersion = 16.0.29806.167
MinimumVisualStudioVersion = 10.0.40219.1
Project("{9A19103F-16F7-4668-BE54-9A1E7A4F7556}") = "Interception.Observers", "..\src\Interception.Observers\Interception.Observers.csproj", "{678A3CFA-8E38-41EC-9CAA-40FB69E78124}"
EndProject
Project("{9A19103F-16F7-4668-BE54-9A1E7A4F7556}") = "Interception.Tracing", "..\src\Interception.Tracing\Interception.Tracing.csproj", "{B347FC0E-1E1B-45F1-9AA4-A2730675884D}"
EndProject
Project("{9A19103F-16F7-4668-BE54-9A1E7A4F7556}") = "Interception.OpenTracing.Prometheus", "..\src\Interception.OpenTracing.Prometheus\Interception.OpenTracing.Prometheus.csproj", "{2C5834C8-8ACF-4094-BBF7-47797AE4CA76}"
EndProject
Project("{9A19103F-16F7-4668-BE54-9A1E7A4F7556}") = "Interception.Attributes", "..\src\Interception.Attributes\Interception.Attributes.csproj", "{8804504F-9CD2-45B4-9AE6-8A814CCCC459}"
EndProject
Project("{9A19103F-16F7-4668-BE54-9A1E7A4F7556}") = "Interception.Core", "..\src\Interception.Core\Interception.Core.csproj", "{EF52A3C7-F35A-4EBB-81FD-6C93230B881E}"
EndProject
Project("{9A19103F-16F7-4668-BE54-9A1E7A4F7556}") = "Interception.DeadlockDetection", "..\src\Interception.DeadlockDetection\Interception.DeadlockDetection.csproj", "{524A4966-B25C-4190-860F-08B17CF689CD}"
EndProject
Project("{9A19103F-16F7-4668-BE54-9A1E7A4F7556}") = "Interception.DeadlockDetection.UnitTests", "..\tests\Interception.DeadlockDetection.UnitTests\Interception.DeadlockDetection.UnitTests.csproj", "{3E38AC02-12F8-443A-B071-785907E8F751}"
EndProject
Project("{2150E333-8FDC-42A3-9474-1A3956D46DE8}") = "src", "src", "{BB000D0D-B7F1-4BA0-A355-17CB3AF8966A}"
EndProject
Project("{2150E333-8FDC-42A3-9474-1A3956D46DE8}") = "sample", "sample", "{D0AA5E31-8EF0-4A16-9E57-4B8DB2773C48}"
EndProject
Project("{9A19103F-16F7-4668-BE54-9A1E7A4F7556}") = "Interception31", "Interception\Interception31.csproj", "{96E2A495-4556-4396-83BA-06395EEDBCCD}"
EndProject
Project("{9A19103F-16F7-4668-BE54-9A1E7A4F7556}") = "SampleApp31", "sample\SampleApp31.csproj", "{F0637A17-4140-4F84-BD6E-E3605A545878}"
EndProject
Project("{2150E333-8FDC-42A3-9474-1A3956D46DE8}") = "31", "31", "{2F658793-A03C-4340-9C1D-A53A5898D9B1}"
EndProject
Project("{9A19103F-16F7-4668-BE54-9A1E7A4F7556}") = "Interception.Generator", "..\src\Interception.Generator\Interception.Generator.csproj", "{9E298B71-A45A-4D49-88FB-7529F839781C}"
EndProject
Project("{9A19103F-16F7-4668-BE54-9A1E7A4F7556}") = "Interception.Quartz", "..\src\Interception.Quartz\Interception.Quartz.csproj", "{7ADF5A20-3398-4B30-B496-337AA86AD79B}"
EndProject
Project("{9A19103F-16F7-4668-BE54-9A1E7A4F7556}") = "Interception.DependencyInjection", "..\src\Interception.DependencyInjection\Interception.DependencyInjection.csproj", "{5009C80B-9590-4DAE-BE17-C6F2EA33ADFD}"
EndProject
Project("{9A19103F-16F7-4668-BE54-9A1E7A4F7556}") = "Interception.AspNetCore.WebHost", "..\src\Interception.AspNetCore.WebHost\Interception.AspNetCore.WebHost.csproj", "{426A6032-B759-4016-9049-2B30AF0341AD}"
EndProject
Project("{9A19103F-16F7-4668-BE54-9A1E7A4F7556}") = "Interception.MassTransit", "..\src\Interception.MassTransit\Interception.MassTransit.csproj", "{B78B9B31-DF8E-4FB0-85F9-D00497903B8F}"
EndProject
Project("{9A19103F-16F7-4668-BE54-9A1E7A4F7556}") = "Interception.AspNetCore.Tracing", "..\src\Interception.AspNetCore.Tracing\Interception.AspNetCore.Tracing.csproj", "{8A2EDEED-9B4F-4AA2-A2AD-65213641F51A}"
EndProject
Project("{9A19103F-16F7-4668-BE54-9A1E7A4F7556}") = "Interception.Cache", "..\src\Interception.Cache\Interception.Cache.csproj", "{ED8FD639-D050-450A-932D-7094D4D7E687}"
EndProject
Project("{9A19103F-16F7-4668-BE54-9A1E7A4F7556}") = "Interception.Tracing.Serilog", "..\src\Interception.Tracing.Serilog\Interception.Tracing.Serilog.csproj", "{6E27D5B4-A511-4982-A72F-0E91F584666D}"
EndProject
Project("{9A19103F-16F7-4668-BE54-9A1E7A4F7556}") = "Interception.Profiler.Native.Linux.x64", "..\src\Interception.Profiler.Native.Linux.x64\Interception.Profiler.Native.Linux.x64.csproj", "{096DA52C-6E1D-4C1F-9D21-80D7DEE224B8}"
EndProject
Project("{2150E333-8FDC-42A3-9474-1A3956D46DE8}") = "tests", "tests", "{DD80DA23-4D58-4236-BCBE-C7176E581AD1}"
EndProject
Global
	GlobalSection(SolutionConfigurationPlatforms) = preSolution
		Debug|Any CPU = Debug|Any CPU
		Debug|x64 = Debug|x64
		Debug|x86 = Debug|x86
		Release|Any CPU = Release|Any CPU
		Release|x64 = Release|x64
		Release|x86 = Release|x86
	EndGlobalSection
	GlobalSection(ProjectConfigurationPlatforms) = postSolution
		{678A3CFA-8E38-41EC-9CAA-40FB69E78124}.Debug|Any CPU.ActiveCfg = Debug|Any CPU
		{678A3CFA-8E38-41EC-9CAA-40FB69E78124}.Debug|Any CPU.Build.0 = Debug|Any CPU
		{678A3CFA-8E38-41EC-9CAA-40FB69E78124}.Debug|x64.ActiveCfg = Debug|Any CPU
		{678A3CFA-8E38-41EC-9CAA-40FB69E78124}.Debug|x64.Build.0 = Debug|Any CPU
		{678A3CFA-8E38-41EC-9CAA-40FB69E78124}.Debug|x86.ActiveCfg = Debug|Any CPU
		{678A3CFA-8E38-41EC-9CAA-40FB69E78124}.Debug|x86.Build.0 = Debug|Any CPU
		{678A3CFA-8E38-41EC-9CAA-40FB69E78124}.Release|Any CPU.ActiveCfg = Release|Any CPU
		{678A3CFA-8E38-41EC-9CAA-40FB69E78124}.Release|Any CPU.Build.0 = Release|Any CPU
		{678A3CFA-8E38-41EC-9CAA-40FB69E78124}.Release|x64.ActiveCfg = Release|Any CPU
		{678A3CFA-8E38-41EC-9CAA-40FB69E78124}.Release|x64.Build.0 = Release|Any CPU
		{678A3CFA-8E38-41EC-9CAA-40FB69E78124}.Release|x86.ActiveCfg = Release|Any CPU
		{678A3CFA-8E38-41EC-9CAA-40FB69E78124}.Release|x86.Build.0 = Release|Any CPU
		{B347FC0E-1E1B-45F1-9AA4-A2730675884D}.Debug|Any CPU.ActiveCfg = Debug|Any CPU
		{B347FC0E-1E1B-45F1-9AA4-A2730675884D}.Debug|Any CPU.Build.0 = Debug|Any CPU
		{B347FC0E-1E1B-45F1-9AA4-A2730675884D}.Debug|x64.ActiveCfg = Debug|Any CPU
		{B347FC0E-1E1B-45F1-9AA4-A2730675884D}.Debug|x64.Build.0 = Debug|Any CPU
		{B347FC0E-1E1B-45F1-9AA4-A2730675884D}.Debug|x86.ActiveCfg = Debug|Any CPU
		{B347FC0E-1E1B-45F1-9AA4-A2730675884D}.Debug|x86.Build.0 = Debug|Any CPU
		{B347FC0E-1E1B-45F1-9AA4-A2730675884D}.Release|Any CPU.ActiveCfg = Release|Any CPU
		{B347FC0E-1E1B-45F1-9AA4-A2730675884D}.Release|Any CPU.Build.0 = Release|Any CPU
		{B347FC0E-1E1B-45F1-9AA4-A2730675884D}.Release|x64.ActiveCfg = Release|Any CPU
		{B347FC0E-1E1B-45F1-9AA4-A2730675884D}.Release|x64.Build.0 = Release|Any CPU
		{B347FC0E-1E1B-45F1-9AA4-A2730675884D}.Release|x86.ActiveCfg = Release|Any CPU
		{B347FC0E-1E1B-45F1-9AA4-A2730675884D}.Release|x86.Build.0 = Release|Any CPU
		{2C5834C8-8ACF-4094-BBF7-47797AE4CA76}.Debug|Any CPU.ActiveCfg = Debug|Any CPU
		{2C5834C8-8ACF-4094-BBF7-47797AE4CA76}.Debug|Any CPU.Build.0 = Debug|Any CPU
		{2C5834C8-8ACF-4094-BBF7-47797AE4CA76}.Debug|x64.ActiveCfg = Debug|Any CPU
		{2C5834C8-8ACF-4094-BBF7-47797AE4CA76}.Debug|x64.Build.0 = Debug|Any CPU
		{2C5834C8-8ACF-4094-BBF7-47797AE4CA76}.Debug|x86.ActiveCfg = Debug|Any CPU
		{2C5834C8-8ACF-4094-BBF7-47797AE4CA76}.Debug|x86.Build.0 = Debug|Any CPU
		{2C5834C8-8ACF-4094-BBF7-47797AE4CA76}.Release|Any CPU.ActiveCfg = Release|Any CPU
		{2C5834C8-8ACF-4094-BBF7-47797AE4CA76}.Release|Any CPU.Build.0 = Release|Any CPU
		{2C5834C8-8ACF-4094-BBF7-47797AE4CA76}.Release|x64.ActiveCfg = Release|Any CPU
		{2C5834C8-8ACF-4094-BBF7-47797AE4CA76}.Release|x64.Build.0 = Release|Any CPU
		{2C5834C8-8ACF-4094-BBF7-47797AE4CA76}.Release|x86.ActiveCfg = Release|Any CPU
		{2C5834C8-8ACF-4094-BBF7-47797AE4CA76}.Release|x86.Build.0 = Release|Any CPU
		{8804504F-9CD2-45B4-9AE6-8A814CCCC459}.Debug|Any CPU.ActiveCfg = Debug|Any CPU
		{8804504F-9CD2-45B4-9AE6-8A814CCCC459}.Debug|Any CPU.Build.0 = Debug|Any CPU
		{8804504F-9CD2-45B4-9AE6-8A814CCCC459}.Debug|x64.ActiveCfg = Debug|Any CPU
		{8804504F-9CD2-45B4-9AE6-8A814CCCC459}.Debug|x64.Build.0 = Debug|Any CPU
		{8804504F-9CD2-45B4-9AE6-8A814CCCC459}.Debug|x86.ActiveCfg = Debug|Any CPU
		{8804504F-9CD2-45B4-9AE6-8A814CCCC459}.Debug|x86.Build.0 = Debug|Any CPU
		{8804504F-9CD2-45B4-9AE6-8A814CCCC459}.Release|Any CPU.ActiveCfg = Release|Any CPU
		{8804504F-9CD2-45B4-9AE6-8A814CCCC459}.Release|Any CPU.Build.0 = Release|Any CPU
		{8804504F-9CD2-45B4-9AE6-8A814CCCC459}.Release|x64.ActiveCfg = Release|Any CPU
		{8804504F-9CD2-45B4-9AE6-8A814CCCC459}.Release|x64.Build.0 = Release|Any CPU
		{8804504F-9CD2-45B4-9AE6-8A814CCCC459}.Release|x86.ActiveCfg = Release|Any CPU
		{8804504F-9CD2-45B4-9AE6-8A814CCCC459}.Release|x86.Build.0 = Release|Any CPU
		{EF52A3C7-F35A-4EBB-81FD-6C93230B881E}.Debug|Any CPU.ActiveCfg = Debug|Any CPU
		{EF52A3C7-F35A-4EBB-81FD-6C93230B881E}.Debug|Any CPU.Build.0 = Debug|Any CPU
		{EF52A3C7-F35A-4EBB-81FD-6C93230B881E}.Debug|x64.ActiveCfg = Debug|Any CPU
		{EF52A3C7-F35A-4EBB-81FD-6C93230B881E}.Debug|x64.Build.0 = Debug|Any CPU
		{EF52A3C7-F35A-4EBB-81FD-6C93230B881E}.Debug|x86.ActiveCfg = Debug|Any CPU
		{EF52A3C7-F35A-4EBB-81FD-6C93230B881E}.Debug|x86.Build.0 = Debug|Any CPU
		{EF52A3C7-F35A-4EBB-81FD-6C93230B881E}.Release|Any CPU.ActiveCfg = Release|Any CPU
		{EF52A3C7-F35A-4EBB-81FD-6C93230B881E}.Release|Any CPU.Build.0 = Release|Any CPU
		{EF52A3C7-F35A-4EBB-81FD-6C93230B881E}.Release|x64.ActiveCfg = Release|Any CPU
		{EF52A3C7-F35A-4EBB-81FD-6C93230B881E}.Release|x64.Build.0 = Release|Any CPU
		{EF52A3C7-F35A-4EBB-81FD-6C93230B881E}.Release|x86.ActiveCfg = Release|Any CPU
		{EF52A3C7-F35A-4EBB-81FD-6C93230B881E}.Release|x86.Build.0 = Release|Any CPU
		{524A4966-B25C-4190-860F-08B17CF689CD}.Debug|Any CPU.ActiveCfg = Debug|Any CPU
		{524A4966-B25C-4190-860F-08B17CF689CD}.Debug|Any CPU.Build.0 = Debug|Any CPU
		{524A4966-B25C-4190-860F-08B17CF689CD}.Debug|x64.ActiveCfg = Debug|Any CPU
		{524A4966-B25C-4190-860F-08B17CF689CD}.Debug|x64.Build.0 = Debug|Any CPU
		{524A4966-B25C-4190-860F-08B17CF689CD}.Debug|x86.ActiveCfg = Debug|Any CPU
		{524A4966-B25C-4190-860F-08B17CF689CD}.Debug|x86.Build.0 = Debug|Any CPU
		{524A4966-B25C-4190-860F-08B17CF689CD}.Release|Any CPU.ActiveCfg = Release|Any CPU
		{524A4966-B25C-4190-860F-08B17CF689CD}.Release|Any CPU.Build.0 = Release|Any CPU
		{524A4966-B25C-4190-860F-08B17CF689CD}.Release|x64.ActiveCfg = Release|Any CPU
		{524A4966-B25C-4190-860F-08B17CF689CD}.Release|x64.Build.0 = Release|Any CPU
		{524A4966-B25C-4190-860F-08B17CF689CD}.Release|x86.ActiveCfg = Release|Any CPU
		{524A4966-B25C-4190-860F-08B17CF689CD}.Release|x86.Build.0 = Release|Any CPU
		{3E38AC02-12F8-443A-B071-785907E8F751}.Debug|Any CPU.ActiveCfg = Debug|Any CPU
		{3E38AC02-12F8-443A-B071-785907E8F751}.Debug|Any CPU.Build.0 = Debug|Any CPU
		{3E38AC02-12F8-443A-B071-785907E8F751}.Debug|x64.ActiveCfg = Debug|Any CPU
		{3E38AC02-12F8-443A-B071-785907E8F751}.Debug|x64.Build.0 = Debug|Any CPU
		{3E38AC02-12F8-443A-B071-785907E8F751}.Debug|x86.ActiveCfg = Debug|Any CPU
		{3E38AC02-12F8-443A-B071-785907E8F751}.Debug|x86.Build.0 = Debug|Any CPU
		{3E38AC02-12F8-443A-B071-785907E8F751}.Release|Any CPU.ActiveCfg = Release|Any CPU
		{3E38AC02-12F8-443A-B071-785907E8F751}.Release|Any CPU.Build.0 = Release|Any CPU
		{3E38AC02-12F8-443A-B071-785907E8F751}.Release|x64.ActiveCfg = Release|Any CPU
		{3E38AC02-12F8-443A-B071-785907E8F751}.Release|x64.Build.0 = Release|Any CPU
		{3E38AC02-12F8-443A-B071-785907E8F751}.Release|x86.ActiveCfg = Release|Any CPU
		{3E38AC02-12F8-443A-B071-785907E8F751}.Release|x86.Build.0 = Release|Any CPU
		{96E2A495-4556-4396-83BA-06395EEDBCCD}.Debug|Any CPU.ActiveCfg = Debug|Any CPU
		{96E2A495-4556-4396-83BA-06395EEDBCCD}.Debug|Any CPU.Build.0 = Debug|Any CPU
		{96E2A495-4556-4396-83BA-06395EEDBCCD}.Debug|x64.ActiveCfg = Debug|Any CPU
		{96E2A495-4556-4396-83BA-06395EEDBCCD}.Debug|x64.Build.0 = Debug|Any CPU
		{96E2A495-4556-4396-83BA-06395EEDBCCD}.Debug|x86.ActiveCfg = Debug|Any CPU
		{96E2A495-4556-4396-83BA-06395EEDBCCD}.Release|Any CPU.ActiveCfg = Release|Any CPU
		{96E2A495-4556-4396-83BA-06395EEDBCCD}.Release|Any CPU.Build.0 = Release|Any CPU
		{96E2A495-4556-4396-83BA-06395EEDBCCD}.Release|x64.ActiveCfg = Release|Any CPU
		{96E2A495-4556-4396-83BA-06395EEDBCCD}.Release|x64.Build.0 = Release|Any CPU
		{96E2A495-4556-4396-83BA-06395EEDBCCD}.Release|x86.ActiveCfg = Release|Any CPU
		{F0637A17-4140-4F84-BD6E-E3605A545878}.Debug|Any CPU.ActiveCfg = Debug|Any CPU
		{F0637A17-4140-4F84-BD6E-E3605A545878}.Debug|Any CPU.Build.0 = Debug|Any CPU
		{F0637A17-4140-4F84-BD6E-E3605A545878}.Debug|x64.ActiveCfg = Debug|Any CPU
		{F0637A17-4140-4F84-BD6E-E3605A545878}.Debug|x64.Build.0 = Debug|Any CPU
		{F0637A17-4140-4F84-BD6E-E3605A545878}.Debug|x86.ActiveCfg = Debug|Any CPU
		{F0637A17-4140-4F84-BD6E-E3605A545878}.Release|Any CPU.ActiveCfg = Release|Any CPU
		{F0637A17-4140-4F84-BD6E-E3605A545878}.Release|Any CPU.Build.0 = Release|Any CPU
		{F0637A17-4140-4F84-BD6E-E3605A545878}.Release|x64.ActiveCfg = Release|Any CPU
		{F0637A17-4140-4F84-BD6E-E3605A545878}.Release|x64.Build.0 = Release|Any CPU
		{F0637A17-4140-4F84-BD6E-E3605A545878}.Release|x86.ActiveCfg = Release|Any CPU
		{9E298B71-A45A-4D49-88FB-7529F839781C}.Debug|Any CPU.ActiveCfg = Debug|Any CPU
		{9E298B71-A45A-4D49-88FB-7529F839781C}.Debug|Any CPU.Build.0 = Debug|Any CPU
		{9E298B71-A45A-4D49-88FB-7529F839781C}.Debug|x64.ActiveCfg = Debug|Any CPU
		{9E298B71-A45A-4D49-88FB-7529F839781C}.Debug|x64.Build.0 = Debug|Any CPU
		{9E298B71-A45A-4D49-88FB-7529F839781C}.Debug|x86.ActiveCfg = Debug|Any CPU
		{9E298B71-A45A-4D49-88FB-7529F839781C}.Debug|x86.Build.0 = Debug|Any CPU
		{9E298B71-A45A-4D49-88FB-7529F839781C}.Release|Any CPU.ActiveCfg = Release|Any CPU
		{9E298B71-A45A-4D49-88FB-7529F839781C}.Release|Any CPU.Build.0 = Release|Any CPU
		{9E298B71-A45A-4D49-88FB-7529F839781C}.Release|x64.ActiveCfg = Release|Any CPU
		{9E298B71-A45A-4D49-88FB-7529F839781C}.Release|x64.Build.0 = Release|Any CPU
		{9E298B71-A45A-4D49-88FB-7529F839781C}.Release|x86.ActiveCfg = Release|Any CPU
		{9E298B71-A45A-4D49-88FB-7529F839781C}.Release|x86.Build.0 = Release|Any CPU
		{7ADF5A20-3398-4B30-B496-337AA86AD79B}.Debug|Any CPU.ActiveCfg = Debug|Any CPU
		{7ADF5A20-3398-4B30-B496-337AA86AD79B}.Debug|Any CPU.Build.0 = Debug|Any CPU
		{7ADF5A20-3398-4B30-B496-337AA86AD79B}.Debug|x64.ActiveCfg = Debug|Any CPU
		{7ADF5A20-3398-4B30-B496-337AA86AD79B}.Debug|x64.Build.0 = Debug|Any CPU
		{7ADF5A20-3398-4B30-B496-337AA86AD79B}.Debug|x86.ActiveCfg = Debug|Any CPU
		{7ADF5A20-3398-4B30-B496-337AA86AD79B}.Debug|x86.Build.0 = Debug|Any CPU
		{7ADF5A20-3398-4B30-B496-337AA86AD79B}.Release|Any CPU.ActiveCfg = Release|Any CPU
		{7ADF5A20-3398-4B30-B496-337AA86AD79B}.Release|Any CPU.Build.0 = Release|Any CPU
		{7ADF5A20-3398-4B30-B496-337AA86AD79B}.Release|x64.ActiveCfg = Release|Any CPU
		{7ADF5A20-3398-4B30-B496-337AA86AD79B}.Release|x64.Build.0 = Release|Any CPU
		{7ADF5A20-3398-4B30-B496-337AA86AD79B}.Release|x86.ActiveCfg = Release|Any CPU
		{7ADF5A20-3398-4B30-B496-337AA86AD79B}.Release|x86.Build.0 = Release|Any CPU
		{5009C80B-9590-4DAE-BE17-C6F2EA33ADFD}.Debug|Any CPU.ActiveCfg = Debug|Any CPU
		{5009C80B-9590-4DAE-BE17-C6F2EA33ADFD}.Debug|Any CPU.Build.0 = Debug|Any CPU
		{5009C80B-9590-4DAE-BE17-C6F2EA33ADFD}.Debug|x64.ActiveCfg = Debug|Any CPU
		{5009C80B-9590-4DAE-BE17-C6F2EA33ADFD}.Debug|x64.Build.0 = Debug|Any CPU
		{5009C80B-9590-4DAE-BE17-C6F2EA33ADFD}.Debug|x86.ActiveCfg = Debug|Any CPU
		{5009C80B-9590-4DAE-BE17-C6F2EA33ADFD}.Debug|x86.Build.0 = Debug|Any CPU
		{5009C80B-9590-4DAE-BE17-C6F2EA33ADFD}.Release|Any CPU.ActiveCfg = Release|Any CPU
		{5009C80B-9590-4DAE-BE17-C6F2EA33ADFD}.Release|Any CPU.Build.0 = Release|Any CPU
		{5009C80B-9590-4DAE-BE17-C6F2EA33ADFD}.Release|x64.ActiveCfg = Release|Any CPU
		{5009C80B-9590-4DAE-BE17-C6F2EA33ADFD}.Release|x64.Build.0 = Release|Any CPU
		{5009C80B-9590-4DAE-BE17-C6F2EA33ADFD}.Release|x86.ActiveCfg = Release|Any CPU
		{5009C80B-9590-4DAE-BE17-C6F2EA33ADFD}.Release|x86.Build.0 = Release|Any CPU
		{426A6032-B759-4016-9049-2B30AF0341AD}.Debug|Any CPU.ActiveCfg = Debug|Any CPU
		{426A6032-B759-4016-9049-2B30AF0341AD}.Debug|Any CPU.Build.0 = Debug|Any CPU
		{426A6032-B759-4016-9049-2B30AF0341AD}.Debug|x64.ActiveCfg = Debug|Any CPU
		{426A6032-B759-4016-9049-2B30AF0341AD}.Debug|x64.Build.0 = Debug|Any CPU
		{426A6032-B759-4016-9049-2B30AF0341AD}.Debug|x86.ActiveCfg = Debug|Any CPU
		{426A6032-B759-4016-9049-2B30AF0341AD}.Debug|x86.Build.0 = Debug|Any CPU
		{426A6032-B759-4016-9049-2B30AF0341AD}.Release|Any CPU.ActiveCfg = Release|Any CPU
		{426A6032-B759-4016-9049-2B30AF0341AD}.Release|Any CPU.Build.0 = Release|Any CPU
		{426A6032-B759-4016-9049-2B30AF0341AD}.Release|x64.ActiveCfg = Release|Any CPU
		{426A6032-B759-4016-9049-2B30AF0341AD}.Release|x64.Build.0 = Release|Any CPU
		{426A6032-B759-4016-9049-2B30AF0341AD}.Release|x86.ActiveCfg = Release|Any CPU
		{426A6032-B759-4016-9049-2B30AF0341AD}.Release|x86.Build.0 = Release|Any CPU
		{B78B9B31-DF8E-4FB0-85F9-D00497903B8F}.Debug|Any CPU.ActiveCfg = Debug|Any CPU
		{B78B9B31-DF8E-4FB0-85F9-D00497903B8F}.Debug|Any CPU.Build.0 = Debug|Any CPU
		{B78B9B31-DF8E-4FB0-85F9-D00497903B8F}.Debug|x64.ActiveCfg = Debug|Any CPU
		{B78B9B31-DF8E-4FB0-85F9-D00497903B8F}.Debug|x64.Build.0 = Debug|Any CPU
		{B78B9B31-DF8E-4FB0-85F9-D00497903B8F}.Debug|x86.ActiveCfg = Debug|Any CPU
		{B78B9B31-DF8E-4FB0-85F9-D00497903B8F}.Debug|x86.Build.0 = Debug|Any CPU
		{B78B9B31-DF8E-4FB0-85F9-D00497903B8F}.Release|Any CPU.ActiveCfg = Release|Any CPU
		{B78B9B31-DF8E-4FB0-85F9-D00497903B8F}.Release|Any CPU.Build.0 = Release|Any CPU
		{B78B9B31-DF8E-4FB0-85F9-D00497903B8F}.Release|x64.ActiveCfg = Release|Any CPU
		{B78B9B31-DF8E-4FB0-85F9-D00497903B8F}.Release|x64.Build.0 = Release|Any CPU
		{B78B9B31-DF8E-4FB0-85F9-D00497903B8F}.Release|x86.ActiveCfg = Release|Any CPU
		{B78B9B31-DF8E-4FB0-85F9-D00497903B8F}.Release|x86.Build.0 = Release|Any CPU
		{8A2EDEED-9B4F-4AA2-A2AD-65213641F51A}.Debug|Any CPU.ActiveCfg = Debug|Any CPU
		{8A2EDEED-9B4F-4AA2-A2AD-65213641F51A}.Debug|Any CPU.Build.0 = Debug|Any CPU
		{8A2EDEED-9B4F-4AA2-A2AD-65213641F51A}.Debug|x64.ActiveCfg = Debug|Any CPU
		{8A2EDEED-9B4F-4AA2-A2AD-65213641F51A}.Debug|x64.Build.0 = Debug|Any CPU
		{8A2EDEED-9B4F-4AA2-A2AD-65213641F51A}.Debug|x86.ActiveCfg = Debug|Any CPU
		{8A2EDEED-9B4F-4AA2-A2AD-65213641F51A}.Debug|x86.Build.0 = Debug|Any CPU
		{8A2EDEED-9B4F-4AA2-A2AD-65213641F51A}.Release|Any CPU.ActiveCfg = Release|Any CPU
		{8A2EDEED-9B4F-4AA2-A2AD-65213641F51A}.Release|Any CPU.Build.0 = Release|Any CPU
		{8A2EDEED-9B4F-4AA2-A2AD-65213641F51A}.Release|x64.ActiveCfg = Release|Any CPU
		{8A2EDEED-9B4F-4AA2-A2AD-65213641F51A}.Release|x64.Build.0 = Release|Any CPU
		{8A2EDEED-9B4F-4AA2-A2AD-65213641F51A}.Release|x86.ActiveCfg = Release|Any CPU
		{8A2EDEED-9B4F-4AA2-A2AD-65213641F51A}.Release|x86.Build.0 = Release|Any CPU
		{ED8FD639-D050-450A-932D-7094D4D7E687}.Debug|Any CPU.ActiveCfg = Debug|Any CPU
		{ED8FD639-D050-450A-932D-7094D4D7E687}.Debug|Any CPU.Build.0 = Debug|Any CPU
		{ED8FD639-D050-450A-932D-7094D4D7E687}.Debug|x64.ActiveCfg = Debug|Any CPU
		{ED8FD639-D050-450A-932D-7094D4D7E687}.Debug|x64.Build.0 = Debug|Any CPU
		{ED8FD639-D050-450A-932D-7094D4D7E687}.Debug|x86.ActiveCfg = Debug|Any CPU
		{ED8FD639-D050-450A-932D-7094D4D7E687}.Debug|x86.Build.0 = Debug|Any CPU
		{ED8FD639-D050-450A-932D-7094D4D7E687}.Release|Any CPU.ActiveCfg = Release|Any CPU
		{ED8FD639-D050-450A-932D-7094D4D7E687}.Release|Any CPU.Build.0 = Release|Any CPU
		{ED8FD639-D050-450A-932D-7094D4D7E687}.Release|x64.ActiveCfg = Release|Any CPU
		{ED8FD639-D050-450A-932D-7094D4D7E687}.Release|x64.Build.0 = Release|Any CPU
		{ED8FD639-D050-450A-932D-7094D4D7E687}.Release|x86.ActiveCfg = Release|Any CPU
		{ED8FD639-D050-450A-932D-7094D4D7E687}.Release|x86.Build.0 = Release|Any CPU
		{6E27D5B4-A511-4982-A72F-0E91F584666D}.Debug|Any CPU.ActiveCfg = Debug|Any CPU
		{6E27D5B4-A511-4982-A72F-0E91F584666D}.Debug|Any CPU.Build.0 = Debug|Any CPU
		{6E27D5B4-A511-4982-A72F-0E91F584666D}.Debug|x64.ActiveCfg = Debug|Any CPU
		{6E27D5B4-A511-4982-A72F-0E91F584666D}.Debug|x64.Build.0 = Debug|Any CPU
		{6E27D5B4-A511-4982-A72F-0E91F584666D}.Debug|x86.ActiveCfg = Debug|Any CPU
		{6E27D5B4-A511-4982-A72F-0E91F584666D}.Debug|x86.Build.0 = Debug|Any CPU
		{6E27D5B4-A511-4982-A72F-0E91F584666D}.Release|Any CPU.ActiveCfg = Release|Any CPU
		{6E27D5B4-A511-4982-A72F-0E91F584666D}.Release|Any CPU.Build.0 = Release|Any CPU
		{6E27D5B4-A511-4982-A72F-0E91F584666D}.Release|x64.ActiveCfg = Release|Any CPU
		{6E27D5B4-A511-4982-A72F-0E91F584666D}.Release|x64.Build.0 = Release|Any CPU
		{6E27D5B4-A511-4982-A72F-0E91F584666D}.Release|x86.ActiveCfg = Release|Any CPU
		{6E27D5B4-A511-4982-A72F-0E91F584666D}.Release|x86.Build.0 = Release|Any CPU
		{096DA52C-6E1D-4C1F-9D21-80D7DEE224B8}.Debug|Any CPU.ActiveCfg = Debug|Any CPU
		{096DA52C-6E1D-4C1F-9D21-80D7DEE224B8}.Debug|Any CPU.Build.0 = Debug|Any CPU
		{096DA52C-6E1D-4C1F-9D21-80D7DEE224B8}.Debug|x64.ActiveCfg = Debug|Any CPU
		{096DA52C-6E1D-4C1F-9D21-80D7DEE224B8}.Debug|x64.Build.0 = Debug|Any CPU
		{096DA52C-6E1D-4C1F-9D21-80D7DEE224B8}.Debug|x86.ActiveCfg = Debug|Any CPU
		{096DA52C-6E1D-4C1F-9D21-80D7DEE224B8}.Debug|x86.Build.0 = Debug|Any CPU
		{096DA52C-6E1D-4C1F-9D21-80D7DEE224B8}.Release|Any CPU.ActiveCfg = Release|Any CPU
		{096DA52C-6E1D-4C1F-9D21-80D7DEE224B8}.Release|Any CPU.Build.0 = Release|Any CPU
		{096DA52C-6E1D-4C1F-9D21-80D7DEE224B8}.Release|x64.ActiveCfg = Release|Any CPU
		{096DA52C-6E1D-4C1F-9D21-80D7DEE224B8}.Release|x64.Build.0 = Release|Any CPU
		{096DA52C-6E1D-4C1F-9D21-80D7DEE224B8}.Release|x86.ActiveCfg = Release|Any CPU
		{096DA52C-6E1D-4C1F-9D21-80D7DEE224B8}.Release|x86.Build.0 = Release|Any CPU
	EndGlobalSection
	GlobalSection(SolutionProperties) = preSolution
		HideSolutionNode = FALSE
	EndGlobalSection
	GlobalSection(NestedProjects) = preSolution
		{678A3CFA-8E38-41EC-9CAA-40FB69E78124} = {BB000D0D-B7F1-4BA0-A355-17CB3AF8966A}
		{B347FC0E-1E1B-45F1-9AA4-A2730675884D} = {BB000D0D-B7F1-4BA0-A355-17CB3AF8966A}
		{2C5834C8-8ACF-4094-BBF7-47797AE4CA76} = {BB000D0D-B7F1-4BA0-A355-17CB3AF8966A}
		{8804504F-9CD2-45B4-9AE6-8A814CCCC459} = {BB000D0D-B7F1-4BA0-A355-17CB3AF8966A}
		{EF52A3C7-F35A-4EBB-81FD-6C93230B881E} = {BB000D0D-B7F1-4BA0-A355-17CB3AF8966A}
		{524A4966-B25C-4190-860F-08B17CF689CD} = {BB000D0D-B7F1-4BA0-A355-17CB3AF8966A}
		{3E38AC02-12F8-443A-B071-785907E8F751} = {DD80DA23-4D58-4236-BCBE-C7176E581AD1}
		{96E2A495-4556-4396-83BA-06395EEDBCCD} = {2F658793-A03C-4340-9C1D-A53A5898D9B1}
		{F0637A17-4140-4F84-BD6E-E3605A545878} = {2F658793-A03C-4340-9C1D-A53A5898D9B1}
		{2F658793-A03C-4340-9C1D-A53A5898D9B1} = {D0AA5E31-8EF0-4A16-9E57-4B8DB2773C48}
		{9E298B71-A45A-4D49-88FB-7529F839781C} = {BB000D0D-B7F1-4BA0-A355-17CB3AF8966A}
		{7ADF5A20-3398-4B30-B496-337AA86AD79B} = {BB000D0D-B7F1-4BA0-A355-17CB3AF8966A}
		{5009C80B-9590-4DAE-BE17-C6F2EA33ADFD} = {BB000D0D-B7F1-4BA0-A355-17CB3AF8966A}
		{426A6032-B759-4016-9049-2B30AF0341AD} = {BB000D0D-B7F1-4BA0-A355-17CB3AF8966A}
		{B78B9B31-DF8E-4FB0-85F9-D00497903B8F} = {BB000D0D-B7F1-4BA0-A355-17CB3AF8966A}
		{8A2EDEED-9B4F-4AA2-A2AD-65213641F51A} = {BB000D0D-B7F1-4BA0-A355-17CB3AF8966A}
		{ED8FD639-D050-450A-932D-7094D4D7E687} = {BB000D0D-B7F1-4BA0-A355-17CB3AF8966A}
		{6E27D5B4-A511-4982-A72F-0E91F584666D} = {BB000D0D-B7F1-4BA0-A355-17CB3AF8966A}
	EndGlobalSection
	GlobalSection(ExtensibilityGlobals) = postSolution
		SolutionGuid = {5DAEBCCA-FF88-41F6-89EF-16FD1F9EB6B0}
	EndGlobalSection
EndGlobal
