
Microsoft Visual Studio Solution File, Format Version 12.00
# Visual Studio Version 16
VisualStudioVersion = 16.0.30225.117
MinimumVisualStudioVersion = 10.0.40219.1
Project("{9A19103F-16F7-4668-BE54-9A1E7A4F7556}") = "interceptor", "interceptor.csproj", "{D2712EF9-D467-403F-A8C6-5A1B45248596}"
EndProject
Project("{9A19103F-16F7-4668-BE54-9A1E7A4F7556}") = "Interception.Core", "..\..\..\..\src\Interception.Core\Interception.Core.csproj", "{606EDCEB-BFD3-4899-9CC3-EC69DA85137D}"
EndProject
Project("{9A19103F-16F7-4668-BE54-9A1E7A4F7556}") = "Interception.Attributes", "..\..\..\..\src\Interception.Attributes\Interception.Attributes.csproj", "{031DD688-4770-4C6C-8903-BB7BD16AD6EC}"
EndProject
Global
	GlobalSection(SolutionConfigurationPlatforms) = preSolution
		Debug|Any CPU = Debug|Any CPU
		Release|Any CPU = Release|Any CPU
	EndGlobalSection
	GlobalSection(ProjectConfigurationPlatforms) = postSolution
		{D2712EF9-D467-403F-A8C6-5A1B45248596}.Debug|Any CPU.ActiveCfg = Debug|Any CPU
		{D2712EF9-D467-403F-A8C6-5A1B45248596}.Debug|Any CPU.Build.0 = Debug|Any CPU
		{D2712EF9-D467-403F-A8C6-5A1B45248596}.Release|Any CPU.ActiveCfg = Release|Any CPU
		{D2712EF9-D467-403F-A8C6-5A1B45248596}.Release|Any CPU.Build.0 = Release|Any CPU
		{606EDCEB-BFD3-4899-9CC3-EC69DA85137D}.Debug|Any CPU.ActiveCfg = Debug|Any CPU
		{606EDCEB-BFD3-4899-9CC3-EC69DA85137D}.Debug|Any CPU.Build.0 = Debug|Any CPU
		{606EDCEB-BFD3-4899-9CC3-EC69DA85137D}.Release|Any CPU.ActiveCfg = Release|Any CPU
		{606EDCEB-BFD3-4899-9CC3-EC69DA85137D}.Release|Any CPU.Build.0 = Release|Any CPU
		{031DD688-4770-4C6C-8903-BB7BD16AD6EC}.Debug|Any CPU.ActiveCfg = Debug|Any CPU
		{031DD688-4770-4C6C-8903-BB7BD16AD6EC}.Debug|Any CPU.Build.0 = Debug|Any CPU
		{031DD688-4770-4C6C-8903-BB7BD16AD6EC}.Release|Any CPU.ActiveCfg = Release|Any CPU
		{031DD688-4770-4C6C-8903-BB7BD16AD6EC}.Release|Any CPU.Build.0 = Release|Any CPU
	EndGlobalSection
	GlobalSection(SolutionProperties) = preSolution
		HideSolutionNode = FALSE
	EndGlobalSection
	GlobalSection(ExtensibilityGlobals) = postSolution
		SolutionGuid = {FE8261CE-7E03-4AF2-8F71-64A5C917900F}
	EndGlobalSection
EndGlobal
